
Microsoft Visual Studio Solution File, Format Version 12.00
# Visual Studio Version 17
VisualStudioVersion = 17.0.31903.59
MinimumVisualStudioVersion = 10.0.40219.1
Project("{2150E333-8FDC-42A3-9474-1A3956D46DE8}") = "backend", "backend", "{1AE8ACA6-933B-BF2A-3671-3E2EAC007D16}"
EndProject
Project("{FAE04EC0-301F-11D3-BF4B-00C04F79EFBC}") = "AlHidayahPro.Api", "backend\AlHidayahPro.Api\AlHidayahPro.Api.csproj", "{8CB975F8-3065-4783-B2DE-2B0567D2ECF8}"
EndProject
Project("{FAE04EC0-301F-11D3-BF4B-00C04F79EFBC}") = "AlHidayahPro.Data", "backend\AlHidayahPro.Data\AlHidayahPro.Data.csproj", "{BD1AEF7E-4FD8-4E49-96C5-8AC26DB798C1}"
EndProject
Project("{FAE04EC0-301F-11D3-BF4B-00C04F79EFBC}") = "AlHidayahPro.Desktop", "backend\AlHidayahPro.Desktop\AlHidayahPro.Desktop.csproj", "{887DE06B-6B8F-469F-81BB-82D2D0E79122}"
EndProject
Global
	GlobalSection(SolutionConfigurationPlatforms) = preSolution
		Debug|Any CPU = Debug|Any CPU
		Debug|x64 = Debug|x64
		Debug|x86 = Debug|x86
		Release|Any CPU = Release|Any CPU
		Release|x64 = Release|x64
		Release|x86 = Release|x86
	EndGlobalSection
	GlobalSection(ProjectConfigurationPlatforms) = postSolution
		{8CB975F8-3065-4783-B2DE-2B0567D2ECF8}.Debug|Any CPU.ActiveCfg = Debug|Any CPU
		{8CB975F8-3065-4783-B2DE-2B0567D2ECF8}.Debug|Any CPU.Build.0 = Debug|Any CPU
		{8CB975F8-3065-4783-B2DE-2B0567D2ECF8}.Debug|x64.ActiveCfg = Debug|Any CPU
		{8CB975F8-3065-4783-B2DE-2B0567D2ECF8}.Debug|x64.Build.0 = Debug|Any CPU
		{8CB975F8-3065-4783-B2DE-2B0567D2ECF8}.Debug|x86.ActiveCfg = Debug|Any CPU
		{8CB975F8-3065-4783-B2DE-2B0567D2ECF8}.Debug|x86.Build.0 = Debug|Any CPU
		{8CB975F8-3065-4783-B2DE-2B0567D2ECF8}.Release|Any CPU.ActiveCfg = Release|Any CPU
		{8CB975F8-3065-4783-B2DE-2B0567D2ECF8}.Release|Any CPU.Build.0 = Release|Any CPU
		{8CB975F8-3065-4783-B2DE-2B0567D2ECF8}.Release|x64.ActiveCfg = Release|Any CPU
		{8CB975F8-3065-4783-B2DE-2B0567D2ECF8}.Release|x64.Build.0 = Release|Any CPU
		{8CB975F8-3065-4783-B2DE-2B0567D2ECF8}.Release|x86.ActiveCfg = Release|Any CPU
		{8CB975F8-3065-4783-B2DE-2B0567D2ECF8}.Release|x86.Build.0 = Release|Any CPU
		{BD1AEF7E-4FD8-4E49-96C5-8AC26DB798C1}.Debug|Any CPU.ActiveCfg = Debug|Any CPU
		{BD1AEF7E-4FD8-4E49-96C5-8AC26DB798C1}.Debug|Any CPU.Build.0 = Debug|Any CPU
		{BD1AEF7E-4FD8-4E49-96C5-8AC26DB798C1}.Debug|x64.ActiveCfg = Debug|Any CPU
		{BD1AEF7E-4FD8-4E49-96C5-8AC26DB798C1}.Debug|x64.Build.0 = Debug|Any CPU
		{BD1AEF7E-4FD8-4E49-96C5-8AC26DB798C1}.Debug|x86.ActiveCfg = Debug|Any CPU
		{BD1AEF7E-4FD8-4E49-96C5-8AC26DB798C1}.Debug|x86.Build.0 = Debug|Any CPU
		{BD1AEF7E-4FD8-4E49-96C5-8AC26DB798C1}.Release|Any CPU.ActiveCfg = Release|Any CPU
		{BD1AEF7E-4FD8-4E49-96C5-8AC26DB798C1}.Release|Any CPU.Build.0 = Release|Any CPU
		{BD1AEF7E-4FD8-4E49-96C5-8AC26DB798C1}.Release|x64.ActiveCfg = Release|Any CPU
		{BD1AEF7E-4FD8-4E49-96C5-8AC26DB798C1}.Release|x64.Build.0 = Release|Any CPU
		{BD1AEF7E-4FD8-4E49-96C5-8AC26DB798C1}.Release|x86.ActiveCfg = Release|Any CPU
		{BD1AEF7E-4FD8-4E49-96C5-8AC26DB798C1}.Release|x86.Build.0 = Release|Any CPU
		{887DE06B-6B8F-469F-81BB-82D2D0E79122}.Debug|Any CPU.ActiveCfg = Debug|Any CPU
		{887DE06B-6B8F-469F-81BB-82D2D0E79122}.Debug|Any CPU.Build.0 = Debug|Any CPU
		{887DE06B-6B8F-469F-81BB-82D2D0E79122}.Debug|x64.ActiveCfg = Debug|Any CPU
		{887DE06B-6B8F-469F-81BB-82D2D0E79122}.Debug|x64.Build.0 = Debug|Any CPU
		{887DE06B-6B8F-469F-81BB-82D2D0E79122}.Debug|x86.ActiveCfg = Debug|Any CPU
		{887DE06B-6B8F-469F-81BB-82D2D0E79122}.Debug|x86.Build.0 = Debug|Any CPU
		{887DE06B-6B8F-469F-81BB-82D2D0E79122}.Release|Any CPU.ActiveCfg = Release|Any CPU
		{887DE06B-6B8F-469F-81BB-82D2D0E79122}.Release|Any CPU.Build.0 = Release|Any CPU
		{887DE06B-6B8F-469F-81BB-82D2D0E79122}.Release|x64.ActiveCfg = Release|Any CPU
		{887DE06B-6B8F-469F-81BB-82D2D0E79122}.Release|x64.Build.0 = Release|Any CPU
		{887DE06B-6B8F-469F-81BB-82D2D0E79122}.Release|x86.ActiveCfg = Release|Any CPU
		{887DE06B-6B8F-469F-81BB-82D2D0E79122}.Release|x86.Build.0 = Release|Any CPU
	EndGlobalSection
	GlobalSection(SolutionProperties) = preSolution
		HideSolutionNode = FALSE
	EndGlobalSection
	GlobalSection(NestedProjects) = preSolution
		{8CB975F8-3065-4783-B2DE-2B0567D2ECF8} = {1AE8ACA6-933B-BF2A-3671-3E2EAC007D16}
		{BD1AEF7E-4FD8-4E49-96C5-8AC26DB798C1} = {1AE8ACA6-933B-BF2A-3671-3E2EAC007D16}
		{887DE06B-6B8F-469F-81BB-82D2D0E79122} = {1AE8ACA6-933B-BF2A-3671-3E2EAC007D16}
	EndGlobalSection
EndGlobal
